dependencies:
- name: directory
  repository: oci://ghcr.io/aserto-dev/helm
  version: 0.1.6
- name: authorizer
  repository: oci://ghcr.io/aserto-dev/helm
  version: 0.1.5
- name: discovery
  repository: oci://ghcr.io/aserto-dev/helm
  version: 0.1.4
- name: console
  repository: oci://ghcr.io/aserto-dev/helm
  version: 0.1.4
- name: scim
  repository: oci://ghcr.io/aserto-dev/helm
  version: 0.1.3
digest: sha256:9fdf8504143a355be2ded44d06abcc74423ece9dc4736495ab10d26d08e92043
generated: "2024-09-10T16:31:54.603385-04:00"
