dependencies:
- name: directory
  repository: file://../directory
  version: 0.2.0
- name: authorizer
  repository: file://../authorizer
  version: 0.1.8
- name: discovery
  repository: file://../discovery
  version: 0.1.7
- name: console
  repository: file://../console
  version: 0.1.7
- name: scim
  repository: file://../scim
  version: 0.1.6
digest: sha256:7b2bbedd56cd70a19d32bdc8781030556e0a5bfcbea61f0503f59ba4b8aab57d
generated: "2024-11-26T12:35:24.618924-05:00"
