dependencies:
- name: directory
  repository: oci://ghcr.io/aserto-dev/helm
  version: 0.1.2
- name: authorizer
  repository: oci://ghcr.io/aserto-dev/helm
  version: 0.1.2
- name: discovery
  repository: oci://ghcr.io/aserto-dev/helm
  version: 0.1.2
- name: console
  repository: oci://ghcr.io/aserto-dev/helm
  version: 0.1.2
- name: scim
  repository: oci://ghcr.io/aserto-dev/helm
  version: 0.1.1
digest: sha256:d747fa7880a9b0a4dabdd6a581a8cc0c4a02acd59ba08804488b77c4eb685fdc
generated: "2024-07-18T08:38:56.18355-04:00"
